
Microsoft Visual Studio Solution File, Format Version 12.00
# Visual Studio Version 16
VisualStudioVersion = 16.0.31112.23
MinimumVisualStudioVersion = 10.0.40219.1
Project("{FAE04EC0-301F-11D3-BF4B-00C04F79EFBC}") = "Pamela Sibadzija", "Pamela Sibadzija\Pamela Sibadzija.csproj", "{F3B8E7A9-E65B-413A-81EF-324B89FA003B}"
EndProject
Global
	GlobalSection(SolutionConfigurationPlatforms) = preSolution
		Debug|Any CPU = Debug|Any CPU
		Release|Any CPU = Release|Any CPU
	EndGlobalSection
	GlobalSection(ProjectConfigurationPlatforms) = postSolution
		{F3B8E7A9-E65B-413A-81EF-324B89FA003B}.Debug|Any CPU.ActiveCfg = Debug|Any CPU
		{F3B8E7A9-E65B-413A-81EF-324B89FA003B}.Debug|Any CPU.Build.0 = Debug|Any CPU
		{F3B8E7A9-E65B-413A-81EF-324B89FA003B}.Release|Any CPU.ActiveCfg = Release|Any CPU
		{F3B8E7A9-E65B-413A-81EF-324B89FA003B}.Release|Any CPU.Build.0 = Release|Any CPU
	EndGlobalSection
	GlobalSection(SolutionProperties) = preSolution
		HideSolutionNode = FALSE
	EndGlobalSection
	GlobalSection(ExtensibilityGlobals) = postSolution
		SolutionGuid = {5D53E7DA-65D4-4899-9E76-55C55A78BE13}
	EndGlobalSection
EndGlobal
